PODS:
  - CocoaLumberjack (3.7.4):
    - CocoaLumberjack/Core (= 3.7.4)
  - CocoaLumberjack/Core (3.7.4)
  - DropdownSelection (0.1.4):
    - SnapKit (~> 5.6.0)
    - SVGKit (~> 3.0.0)
    - Then (~> 3.0.0)
  - SnapKit (5.6.0)
  - SVGKit (3.0.0):
    - CocoaLumberjack (~> 3.0)
  - Then (3.0.0)

DEPENDENCIES:
  - DropdownSelection (from `../`)
  - SnapKit (~> 5.6.0)
  - SVGKit (~> 3.0.0)
  - Then (~> 3.0.0)

SPEC REPOS:
  trunk:
    - CocoaLumberjack
    - SnapKit
    - SVGKit
    - Then

EXTERNAL SOURCES:
  DropdownSelection:
    :path: "../"

SPEC CHECKSUMS:
  CocoaLumberjack: 543c79c114dadc3b1aba95641d8738b06b05b646
  DropdownSelection: f2b684c7480d2eabcd4ecf00a98d587031ec0dec
  SnapKit: e01d52ebb8ddbc333eefe2132acf85c8227d9c25
  SVGKit: 1ad7513f8c74d9652f94ed64ddecda1a23864dea
  Then: 844265ae87834bbe1147d91d5d41a404da2ec27d

PODFILE CHECKSUM: 0466e0d7fb79a7522e9f61524dd55b041e4a4f1a

COCOAPODS: 1.11.3
